<?xml version="1.0" encoding="UTF-8" standalone="yes" ?>
<CodeBlocks_project_file>
	<FileVersion major="1" minor="6" />
	<Project>
		<Option title="Projet_C" />
		<Option pch_mode="2" />
		<Option compiler="gcc" />
		<Build>
			<Target title="Debug">
				<Option output="bin/Debug/Projet_C" prefix_auto="1" extension_auto="1" />
				<Option object_output="obj/Debug/" />
				<Option type="1" />
				<Option compiler="gcc" />
				<Compiler>
					<Add option="-g" />
					<Add option="`pkg-config --cflags --libs gtk+-2.0`" />
				</Compiler>
				<Linker>
					<Add option="`pkg-config --cflags --libs gtk+-2.0`" />
				</Linker>
			</Target>
			<Target title="Release">
				<Option output="bin/Release/Projet_C" prefix_auto="1" extension_auto="1" />
				<Option object_output="obj/Release/" />
				<Option type="1" />
				<Option compiler="gcc" />
				<Compiler>
					<Add option="-O2" />
					<Add option="$(pkg-config --libs gtk+-2.0)" />
				</Compiler>
				<Linker>
					<Add option="-s" />
					<Add option="$(pkg-config --libs gtk+-2.0)" />
				</Linker>
			</Target>
		</Build>
		<Compiler>
			<Add option="-Wall" />
		</Compiler>
		<Unit filename="Camera.c">
			<Option compilerVar="CC" />
		</Unit>
		<Unit filename="Camera.h" />
		<Unit filename="Clavier.c">
			<Option compilerVar="CC" />
		</Unit>
		<Unit filename="Clavier.h" />
		<Unit filename="Color.c">
			<Option compilerVar="CC" />
		</Unit>
		<Unit filename="Color.h" />
		<Unit filename="Config.h" />
		<Unit filename="Cube.c">
			<Option compilerVar="CC" />
		</Unit>
		<Unit filename="Cube.h" />
		<Unit filename="Enum.h" />
		<Unit filename="ExportWindow.c">
			<Option compilerVar="CC" />
		</Unit>
		<Unit filename="ExportWindow.h" />
		<Unit filename="FenPrincipale.c">
			<Option compilerVar="CC" />
		</Unit>
		<Unit filename="FenPrincipale.h" />
		<Unit filename="FenText.c">
			<Option compilerVar="CC" />
		</Unit>
		<Unit filename="FenText.h" />
		<Unit filename="FenTrans.c">
			<Option compilerVar="CC" />
		</Unit>
		<Unit filename="FenTrans.h" />
		<Unit filename="FenetreAjout.c">
			<Option compilerVar="CC" />
		</Unit>
		<Unit filename="FenetreAjout.h" />
		<Unit filename="FenetrePropriete.c">
			<Option compilerVar="CC" />
		</Unit>
		<Unit filename="FenetrePropriete.h" />
		<Unit filename="Groupe.c">
			<Option compilerVar="CC" />
		</Unit>
		<Unit filename="Groupe.h" />
		<Unit filename="MatrixTools.c">
			<Option compilerVar="CC" />
		</Unit>
		<Unit filename="MatrixTools.h" />
		<Unit filename="Modification.c">
			<Option compilerVar="CC" />
		</Unit>
		<Unit filename="Modification.h" />
		<Unit filename="Objet.c">
			<Option compilerVar="CC" />
		</Unit>
		<Unit filename="Objet.h" />
		<Unit filename="Point.c">
			<Option compilerVar="CC" />
		</Unit>
		<Unit filename="Point.h" />
		<Unit filename="ProjectionTools.c">
			<Option compilerVar="CC" />
		</Unit>
		<Unit filename="ProjectionTools.h" />
		<Unit filename="Pyramid.c">
			<Option compilerVar="CC" />
		</Unit>
		<Unit filename="Pyramid.h" />
		<Unit filename="Quadrilateral.c">
			<Option compilerVar="CC" />
		</Unit>
		<Unit filename="Quadrilateral.h" />
		<Unit filename="Rectangle.c">
			<Option compilerVar="CC" />
		</Unit>
		<Unit filename="Rectangle.h" />
		<Unit filename="Scene.c">
			<Option compilerVar="CC" />
		</Unit>
		<Unit filename="Scene.h" />
		<Unit filename="Segment.c">
			<Option compilerVar="CC" />
		</Unit>
		<Unit filename="Segment.h" />
		<Unit filename="Selection.c">
			<Option compilerVar="CC" />
		</Unit>
		<Unit filename="Selection.h" />
		<Unit filename="Sphere.c">
			<Option compilerVar="CC" />
		</Unit>
		<Unit filename="Sphere.h" />
		<Unit filename="Transformation.c">
			<Option compilerVar="CC" />
		</Unit>
		<Unit filename="Transformation.h" />
		<Unit filename="Triangle.c">
			<Option compilerVar="CC" />
		</Unit>
		<Unit filename="Triangle.h" />
		<Unit filename="main.c">
			<Option compilerVar="CC" />
		</Unit>
		<Extensions>
			<code_completion />
			<debugger />
		</Extensions>
	</Project>
</CodeBlocks_project_file>
